
Microsoft Visual Studio Solution File, Format Version 12.00
# Visual Studio Version 17
VisualStudioVersion = 17.2.32630.192
MinimumVisualStudioVersion = 10.0.40219.1
Project("{FAE04EC0-301F-11D3-BF4B-00C04F79EFBC}") = "WindowsFormsApp1", "WindowsFormsApp1\WindowsFormsApp1.csproj", "{6B80E149-7907-4057-BB41-5EF2137FFE80}"
EndProject
Global
	GlobalSection(SolutionConfigurationPlatforms) = preSolution
		Debug|Any CPU = Debug|Any CPU
		Release|Any CPU = Release|Any CPU
	EndGlobalSection
	GlobalSection(ProjectConfigurationPlatforms) = postSolution
		{6B80E149-7907-4057-BB41-5EF2137FFE80}.Debug|Any CPU.ActiveCfg = Debug|Any CPU
		{6B80E149-7907-4057-BB41-5EF2137FFE80}.Debug|Any CPU.Build.0 = Debug|Any CPU
		{6B80E149-7907-4057-BB41-5EF2137FFE80}.Release|Any CPU.ActiveCfg = Release|Any CPU
		{6B80E149-7907-4057-BB41-5EF2137FFE80}.Release|Any CPU.Build.0 = Release|Any CPU
	EndGlobalSection
	GlobalSection(SolutionProperties) = preSolution
		HideSolutionNode = FALSE
	EndGlobalSection
	GlobalSection(ExtensibilityGlobals) = postSolution
		SolutionGuid = {5BF8610B-49FC-4627-A38F-83091901014A}
	EndGlobalSection
EndGlobal
